
Microsoft Visual Studio Solution File, Format Version 12.00
# Visual Studio Version 16
VisualStudioVersion = 16.0.31321.278
MinimumVisualStudioVersion = 10.0.40219.1
Project("{9A19103F-16F7-4668-BE54-9A1E7A4F7556}") = "NWS.Models", "NWS.Models\NWS.Models.csproj", "{DC91C66C-9E31-4429-AD41-073E7EE5176B}"
EndProject
Project("{9A19103F-16F7-4668-BE54-9A1E7A4F7556}") = "NWS.Models.Serializing.STJ", "NWS.Models.Serializing.STJ\NWS.Models.Serializing.STJ.csproj", "{26B292E8-97C5-4315-AA90-F8C0E1AC9F98}"
EndProject
Project("{9A19103F-16F7-4668-BE54-9A1E7A4F7556}") = "NWS.Models.Serializing.STJ.Tests", "NWS.Models.Serializing.STJ.Tests\NWS.Models.Serializing.STJ.Tests.csproj", "{2B06582F-C85E-4ECD-88E3-46C38A26B9EB}"
EndProject
Global
	GlobalSection(SolutionConfigurationPlatforms) = preSolution
		Debug|Any CPU = Debug|Any CPU
		Release|Any CPU = Release|Any CPU
	EndGlobalSection
	GlobalSection(ProjectConfigurationPlatforms) = postSolution
		{DC91C66C-9E31-4429-AD41-073E7EE5176B}.Debug|Any CPU.ActiveCfg = Debug|Any CPU
		{DC91C66C-9E31-4429-AD41-073E7EE5176B}.Debug|Any CPU.Build.0 = Debug|Any CPU
		{DC91C66C-9E31-4429-AD41-073E7EE5176B}.Release|Any CPU.ActiveCfg = Release|Any CPU
		{DC91C66C-9E31-4429-AD41-073E7EE5176B}.Release|Any CPU.Build.0 = Release|Any CPU
		{26B292E8-97C5-4315-AA90-F8C0E1AC9F98}.Debug|Any CPU.ActiveCfg = Debug|Any CPU
		{26B292E8-97C5-4315-AA90-F8C0E1AC9F98}.Debug|Any CPU.Build.0 = Debug|Any CPU
		{26B292E8-97C5-4315-AA90-F8C0E1AC9F98}.Release|Any CPU.ActiveCfg = Release|Any CPU
		{26B292E8-97C5-4315-AA90-F8C0E1AC9F98}.Release|Any CPU.Build.0 = Release|Any CPU
		{2B06582F-C85E-4ECD-88E3-46C38A26B9EB}.Debug|Any CPU.ActiveCfg = Debug|Any CPU
		{2B06582F-C85E-4ECD-88E3-46C38A26B9EB}.Debug|Any CPU.Build.0 = Debug|Any CPU
		{2B06582F-C85E-4ECD-88E3-46C38A26B9EB}.Release|Any CPU.ActiveCfg = Release|Any CPU
		{2B06582F-C85E-4ECD-88E3-46C38A26B9EB}.Release|Any CPU.Build.0 = Release|Any CPU
	EndGlobalSection
	GlobalSection(SolutionProperties) = preSolution
		HideSolutionNode = FALSE
	EndGlobalSection
	GlobalSection(ExtensibilityGlobals) = postSolution
		SolutionGuid = {F694CDF3-37AD-4CCB-9A9D-94BB4AFE433D}
	EndGlobalSection
EndGlobal
